
Microsoft Visual Studio Solution File, Format Version 12.00
# Visual Studio 15
VisualStudioVersion = 15.0.27004.2008
MinimumVisualStudioVersion = 10.0.40219.1
Project("{FAE04EC0-301F-11D3-BF4B-00C04F79EFBC}") = "MatrixTransformations", "MatrixTransformations\MatrixTransformations.csproj", "{F4C9E471-ADFA-4A11-A473-CCDC296308EE}"
EndProject
Project("{FAE04EC0-301F-11D3-BF4B-00C04F79EFBC}") = "MatrixTransformationsTests", "MatrixTransformationsTests\MatrixTransformationsTests.csproj", "{811D8334-639F-4936-A907-346E2453E1FE}"
EndProject
Global
	GlobalSection(SolutionConfigurationPlatforms) = preSolution
		Debug|Any CPU = Debug|Any CPU
		Release|Any CPU = Release|Any CPU
	EndGlobalSection
	GlobalSection(ProjectConfigurationPlatforms) = postSolution
		{F4C9E471-ADFA-4A11-A473-CCDC296308EE}.Debug|Any CPU.ActiveCfg = Debug|Any CPU
		{F4C9E471-ADFA-4A11-A473-CCDC296308EE}.Debug|Any CPU.Build.0 = Debug|Any CPU
		{F4C9E471-ADFA-4A11-A473-CCDC296308EE}.Release|Any CPU.ActiveCfg = Release|Any CPU
		{F4C9E471-ADFA-4A11-A473-CCDC296308EE}.Release|Any CPU.Build.0 = Release|Any CPU
		{811D8334-639F-4936-A907-346E2453E1FE}.Debug|Any CPU.ActiveCfg = Debug|Any CPU
		{811D8334-639F-4936-A907-346E2453E1FE}.Debug|Any CPU.Build.0 = Debug|Any CPU
		{811D8334-639F-4936-A907-346E2453E1FE}.Release|Any CPU.ActiveCfg = Release|Any CPU
		{811D8334-639F-4936-A907-346E2453E1FE}.Release|Any CPU.Build.0 = Release|Any CPU
	EndGlobalSection
	GlobalSection(SolutionProperties) = preSolution
		HideSolutionNode = FALSE
	EndGlobalSection
	GlobalSection(ExtensibilityGlobals) = postSolution
		SolutionGuid = {C93AAEAD-BCF6-454C-9ECA-B421157E605F}
	EndGlobalSection
EndGlobal
